
Microsoft Visual Studio Solution File, Format Version 12.00
Project("{FAE04EC0-301F-11D3-BF4B-00C04F79EFBC}") = "TennisGame_20210108", "TennisGame_20210108\TennisGame_20210108.csproj", "{7E340956-61AB-4587-AA92-B896840358F2}"
EndProject
Project("{FAE04EC0-301F-11D3-BF4B-00C04F79EFBC}") = "TennisGame_20210108.Tests", "TennisGame_20210108.Tests\TennisGame_20210108.Tests.csproj", "{36130405-F6AA-4981-90EB-CD9E0F0040E7}"
EndProject
Global
	GlobalSection(SolutionConfigurationPlatforms) = preSolution
		Debug|Any CPU = Debug|Any CPU
		Release|Any CPU = Release|Any CPU
	EndGlobalSection
	GlobalSection(ProjectConfigurationPlatforms) = postSolution
		{7E340956-61AB-4587-AA92-B896840358F2}.Debug|Any CPU.ActiveCfg = Debug|Any CPU
		{7E340956-61AB-4587-AA92-B896840358F2}.Debug|Any CPU.Build.0 = Debug|Any CPU
		{7E340956-61AB-4587-AA92-B896840358F2}.Release|Any CPU.ActiveCfg = Release|Any CPU
		{7E340956-61AB-4587-AA92-B896840358F2}.Release|Any CPU.Build.0 = Release|Any CPU
		{36130405-F6AA-4981-90EB-CD9E0F0040E7}.Debug|Any CPU.ActiveCfg = Debug|Any CPU
		{36130405-F6AA-4981-90EB-CD9E0F0040E7}.Debug|Any CPU.Build.0 = Debug|Any CPU
		{36130405-F6AA-4981-90EB-CD9E0F0040E7}.Release|Any CPU.ActiveCfg = Release|Any CPU
		{36130405-F6AA-4981-90EB-CD9E0F0040E7}.Release|Any CPU.Build.0 = Release|Any CPU
	EndGlobalSection
EndGlobal
